
Microsoft Visual Studio Solution File, Format Version 12.00
# Visual Studio Express 2013 for Web
VisualStudioVersion = 12.0.30723.0
MinimumVisualStudioVersion = 10.0.40219.1
Project("{FAE04EC0-301F-11D3-BF4B-00C04F79EFBC}") = "ContosoUniversity", "ContosoUniversity\ContosoUniversity.csproj", "{DF021AA1-3663-4A2F-A744-18A1DC469C02}"
EndProject
Project("{FAE04EC0-301F-11D3-BF4B-00C04F79EFBC}") = "LNDL", "LNDL\LNDL.csproj", "{07E186E5-0A0E-489B-A383-816109A31F40}"
	ProjectSection(ProjectDependencies) = postProject
		{26A8F4E8-3CBC-4202-9BDA-1D1F354549C3} = {26A8F4E8-3CBC-4202-9BDA-1D1F354549C3}
	EndProjectSection
EndProject
Project("{FAE04EC0-301F-11D3-BF4B-00C04F79EFBC}") = "LNDL.Tests", "LNDL.Tests\LNDL.Tests.csproj", "{27B22F18-DAF9-4B2A-B328-2EFFAC9A557C}"
EndProject
Project("{FAE04EC0-301F-11D3-BF4B-00C04F79EFBC}") = "LNDLWcfService", "LNDLWcfService\LNDLWcfService.csproj", "{26A8F4E8-3CBC-4202-9BDA-1D1F354549C3}"
EndProject
Project("{FAE04EC0-301F-11D3-BF4B-00C04F79EFBC}") = "LNDLWcfServiceHostConsole", "LNDLWcfServiceHost\LNDLWcfServiceHostConsole.csproj", "{03DA5C44-11EF-48D2-B2D7-B15FE19FCCEE}"
	ProjectSection(ProjectDependencies) = postProject
		{26A8F4E8-3CBC-4202-9BDA-1D1F354549C3} = {26A8F4E8-3CBC-4202-9BDA-1D1F354549C3}
	EndProjectSection
EndProject
Project("{FAE04EC0-301F-11D3-BF4B-00C04F79EFBC}") = "SignalRChat", "SignalRChat\SignalRChat.csproj", "{C80F2F6A-D2A1-4C62-845D-4DCDF09AF702}"
EndProject
Project("{FAE04EC0-301F-11D3-BF4B-00C04F79EFBC}") = "MSMQNonSecurityService", "MSMQNonSecurityService\MSMQNonSecurityService.csproj", "{29681EE2-A78B-4811-A7E5-1500153C5C12}"
EndProject
Project("{FAE04EC0-301F-11D3-BF4B-00C04F79EFBC}") = "WcfProductService", "WcfProductService\WcfProductService.csproj", "{0446ED32-E36E-491E-A3A6-92DA912E36A6}"
EndProject
Project("{FAE04EC0-301F-11D3-BF4B-00C04F79EFBC}") = "WcfServiceMSMQtoWCFforPO", "WcfServiceMSMQtoWCFforPO\WcfServiceMSMQtoWCFforPO.csproj", "{6D6859B1-C028-42A5-A56C-4242E585523D}"
EndProject
Project("{FAE04EC0-301F-11D3-BF4B-00C04F79EFBC}") = "SelfHostMSMQtoWCFforPO", "SelfHostMSMQtoWCFforPO\SelfHostMSMQtoWCFforPO.csproj", "{53808A6E-A6D9-4D7D-9655-A0A1F94E3E9C}"
EndProject
Project("{FAE04EC0-301F-11D3-BF4B-00C04F79EFBC}") = "Hywin.Common", "Hywin.Common\Hywin.Common.csproj", "{C6CC4D17-BDA8-465C-9A79-679432BB8345}"
EndProject
Project("{2150E333-8FDC-42A3-9474-1A3956D46DE8}") = "Hywin.Northwind", "Hywin.Northwind", "{2B82AFA8-3FE0-41AD-BD88-A539F70AA42D}"
EndProject
Project("{FAE04EC0-301F-11D3-BF4B-00C04F79EFBC}") = "Hywin.Northwind.Business.Interfaces", "Hywin.Northwind.Business.Interfaces\Hywin.Northwind.Business.Interfaces.csproj", "{56627891-D0D0-4446-8D9B-60488CED511D}"
EndProject
Global
	GlobalSection(SolutionConfigurationPlatforms) = preSolution
		Debug|Any CPU = Debug|Any CPU
		Release|Any CPU = Release|Any CPU
	EndGlobalSection
	GlobalSection(ProjectConfigurationPlatforms) = postSolution
		{DF021AA1-3663-4A2F-A744-18A1DC469C02}.Debug|Any CPU.ActiveCfg = Debug|Any CPU
		{DF021AA1-3663-4A2F-A744-18A1DC469C02}.Debug|Any CPU.Build.0 = Debug|Any CPU
		{DF021AA1-3663-4A2F-A744-18A1DC469C02}.Release|Any CPU.ActiveCfg = Release|Any CPU
		{DF021AA1-3663-4A2F-A744-18A1DC469C02}.Release|Any CPU.Build.0 = Release|Any CPU
		{07E186E5-0A0E-489B-A383-816109A31F40}.Debug|Any CPU.ActiveCfg = Debug|Any CPU
		{07E186E5-0A0E-489B-A383-816109A31F40}.Debug|Any CPU.Build.0 = Debug|Any CPU
		{07E186E5-0A0E-489B-A383-816109A31F40}.Release|Any CPU.ActiveCfg = Release|Any CPU
		{07E186E5-0A0E-489B-A383-816109A31F40}.Release|Any CPU.Build.0 = Release|Any CPU
		{27B22F18-DAF9-4B2A-B328-2EFFAC9A557C}.Debug|Any CPU.ActiveCfg = Debug|Any CPU
		{27B22F18-DAF9-4B2A-B328-2EFFAC9A557C}.Debug|Any CPU.Build.0 = Debug|Any CPU
		{27B22F18-DAF9-4B2A-B328-2EFFAC9A557C}.Release|Any CPU.ActiveCfg = Release|Any CPU
		{27B22F18-DAF9-4B2A-B328-2EFFAC9A557C}.Release|Any CPU.Build.0 = Release|Any CPU
		{26A8F4E8-3CBC-4202-9BDA-1D1F354549C3}.Debug|Any CPU.ActiveCfg = Debug|Any CPU
		{26A8F4E8-3CBC-4202-9BDA-1D1F354549C3}.Debug|Any CPU.Build.0 = Debug|Any CPU
		{26A8F4E8-3CBC-4202-9BDA-1D1F354549C3}.Release|Any CPU.ActiveCfg = Release|Any CPU
		{26A8F4E8-3CBC-4202-9BDA-1D1F354549C3}.Release|Any CPU.Build.0 = Release|Any CPU
		{03DA5C44-11EF-48D2-B2D7-B15FE19FCCEE}.Debug|Any CPU.ActiveCfg = Debug|Any CPU
		{03DA5C44-11EF-48D2-B2D7-B15FE19FCCEE}.Debug|Any CPU.Build.0 = Debug|Any CPU
		{03DA5C44-11EF-48D2-B2D7-B15FE19FCCEE}.Release|Any CPU.ActiveCfg = Release|Any CPU
		{03DA5C44-11EF-48D2-B2D7-B15FE19FCCEE}.Release|Any CPU.Build.0 = Release|Any CPU
		{C80F2F6A-D2A1-4C62-845D-4DCDF09AF702}.Debug|Any CPU.ActiveCfg = Debug|Any CPU
		{C80F2F6A-D2A1-4C62-845D-4DCDF09AF702}.Debug|Any CPU.Build.0 = Debug|Any CPU
		{C80F2F6A-D2A1-4C62-845D-4DCDF09AF702}.Release|Any CPU.ActiveCfg = Release|Any CPU
		{C80F2F6A-D2A1-4C62-845D-4DCDF09AF702}.Release|Any CPU.Build.0 = Release|Any CPU
		{29681EE2-A78B-4811-A7E5-1500153C5C12}.Debug|Any CPU.ActiveCfg = Debug|Any CPU
		{29681EE2-A78B-4811-A7E5-1500153C5C12}.Debug|Any CPU.Build.0 = Debug|Any CPU
		{29681EE2-A78B-4811-A7E5-1500153C5C12}.Release|Any CPU.ActiveCfg = Release|Any CPU
		{29681EE2-A78B-4811-A7E5-1500153C5C12}.Release|Any CPU.Build.0 = Release|Any CPU
		{0446ED32-E36E-491E-A3A6-92DA912E36A6}.Debug|Any CPU.ActiveCfg = Debug|Any CPU
		{0446ED32-E36E-491E-A3A6-92DA912E36A6}.Debug|Any CPU.Build.0 = Debug|Any CPU
		{0446ED32-E36E-491E-A3A6-92DA912E36A6}.Release|Any CPU.ActiveCfg = Release|Any CPU
		{0446ED32-E36E-491E-A3A6-92DA912E36A6}.Release|Any CPU.Build.0 = Release|Any CPU
		{6D6859B1-C028-42A5-A56C-4242E585523D}.Debug|Any CPU.ActiveCfg = Debug|Any CPU
		{6D6859B1-C028-42A5-A56C-4242E585523D}.Debug|Any CPU.Build.0 = Debug|Any CPU
		{6D6859B1-C028-42A5-A56C-4242E585523D}.Release|Any CPU.ActiveCfg = Release|Any CPU
		{6D6859B1-C028-42A5-A56C-4242E585523D}.Release|Any CPU.Build.0 = Release|Any CPU
		{53808A6E-A6D9-4D7D-9655-A0A1F94E3E9C}.Debug|Any CPU.ActiveCfg = Debug|Any CPU
		{53808A6E-A6D9-4D7D-9655-A0A1F94E3E9C}.Debug|Any CPU.Build.0 = Debug|Any CPU
		{53808A6E-A6D9-4D7D-9655-A0A1F94E3E9C}.Release|Any CPU.ActiveCfg = Release|Any CPU
		{53808A6E-A6D9-4D7D-9655-A0A1F94E3E9C}.Release|Any CPU.Build.0 = Release|Any CPU
		{C6CC4D17-BDA8-465C-9A79-679432BB8345}.Debug|Any CPU.ActiveCfg = Debug|Any CPU
		{C6CC4D17-BDA8-465C-9A79-679432BB8345}.Debug|Any CPU.Build.0 = Debug|Any CPU
		{C6CC4D17-BDA8-465C-9A79-679432BB8345}.Release|Any CPU.ActiveCfg = Release|Any CPU
		{C6CC4D17-BDA8-465C-9A79-679432BB8345}.Release|Any CPU.Build.0 = Release|Any CPU
		{56627891-D0D0-4446-8D9B-60488CED511D}.Debug|Any CPU.ActiveCfg = Debug|Any CPU
		{56627891-D0D0-4446-8D9B-60488CED511D}.Debug|Any CPU.Build.0 = Debug|Any CPU
		{56627891-D0D0-4446-8D9B-60488CED511D}.Release|Any CPU.ActiveCfg = Release|Any CPU
		{56627891-D0D0-4446-8D9B-60488CED511D}.Release|Any CPU.Build.0 = Release|Any CPU
	EndGlobalSection
	GlobalSection(SolutionProperties) = preSolution
		HideSolutionNode = FALSE
	EndGlobalSection
	GlobalSection(NestedProjects) = preSolution
		{56627891-D0D0-4446-8D9B-60488CED511D} = {2B82AFA8-3FE0-41AD-BD88-A539F70AA42D}
	EndGlobalSection
EndGlobal
